
Microsoft Visual Studio Solution File, Format Version 12.00
# Visual Studio Version 16
VisualStudioVersion = 16.0.29905.134
MinimumVisualStudioVersion = 10.0.40219.1
Project("{FAE04EC0-301F-11D3-BF4B-00C04F79EFBC}") = "TiendaVirtual", "TiendaVirtual\TiendaVirtual.csproj", "{C95910BD-4AC0-4CDD-867C-80AD935E79CF}"
EndProject
Project("{FAE04EC0-301F-11D3-BF4B-00C04F79EFBC}") = "Logica", "Logica\Logica.csproj", "{10833F73-921A-46A9-8A41-1FF2ACE97C3F}"
EndProject
Project("{FAE04EC0-301F-11D3-BF4B-00C04F79EFBC}") = "Datos", "Datos\Datos.csproj", "{7A9FEBD0-EC27-49D0-A690-7AD0A3B0F54A}"
EndProject
Project("{FAE04EC0-301F-11D3-BF4B-00C04F79EFBC}") = "Entidades", "Entidades\Entidades.csproj", "{D55CF9F0-A137-4B80-B03A-CFAE5249EEA9}"
EndProject
Global
	GlobalSection(SolutionConfigurationPlatforms) = preSolution
		Debug|Any CPU = Debug|Any CPU
		Release|Any CPU = Release|Any CPU
	EndGlobalSection
	GlobalSection(ProjectConfigurationPlatforms) = postSolution
		{C95910BD-4AC0-4CDD-867C-80AD935E79CF}.Debug|Any CPU.ActiveCfg = Debug|Any CPU
		{C95910BD-4AC0-4CDD-867C-80AD935E79CF}.Debug|Any CPU.Build.0 = Debug|Any CPU
		{C95910BD-4AC0-4CDD-867C-80AD935E79CF}.Release|Any CPU.ActiveCfg = Release|Any CPU
		{C95910BD-4AC0-4CDD-867C-80AD935E79CF}.Release|Any CPU.Build.0 = Release|Any CPU
		{10833F73-921A-46A9-8A41-1FF2ACE97C3F}.Debug|Any CPU.ActiveCfg = Debug|Any CPU
		{10833F73-921A-46A9-8A41-1FF2ACE97C3F}.Debug|Any CPU.Build.0 = Debug|Any CPU
		{10833F73-921A-46A9-8A41-1FF2ACE97C3F}.Release|Any CPU.ActiveCfg = Release|Any CPU
		{10833F73-921A-46A9-8A41-1FF2ACE97C3F}.Release|Any CPU.Build.0 = Release|Any CPU
		{7A9FEBD0-EC27-49D0-A690-7AD0A3B0F54A}.Debug|Any CPU.ActiveCfg = Debug|Any CPU
		{7A9FEBD0-EC27-49D0-A690-7AD0A3B0F54A}.Debug|Any CPU.Build.0 = Debug|Any CPU
		{7A9FEBD0-EC27-49D0-A690-7AD0A3B0F54A}.Release|Any CPU.ActiveCfg = Release|Any CPU
		{7A9FEBD0-EC27-49D0-A690-7AD0A3B0F54A}.Release|Any CPU.Build.0 = Release|Any CPU
		{D55CF9F0-A137-4B80-B03A-CFAE5249EEA9}.Debug|Any CPU.ActiveCfg = Debug|Any CPU
		{D55CF9F0-A137-4B80-B03A-CFAE5249EEA9}.Debug|Any CPU.Build.0 = Debug|Any CPU
		{D55CF9F0-A137-4B80-B03A-CFAE5249EEA9}.Release|Any CPU.ActiveCfg = Release|Any CPU
		{D55CF9F0-A137-4B80-B03A-CFAE5249EEA9}.Release|Any CPU.Build.0 = Release|Any CPU
	EndGlobalSection
	GlobalSection(SolutionProperties) = preSolution
		HideSolutionNode = FALSE
	EndGlobalSection
	GlobalSection(ExtensibilityGlobals) = postSolution
		SolutionGuid = {9FDDFD43-850C-4E87-B011-F187C93D56E6}
	EndGlobalSection
EndGlobal
